// !$*UTF8*$!
{
	archiveVersion = 1;
	classes = {
	};
	objectVersion = 56;
	objects = {

/* Begin PBXBuildFile section */
		260D29022A02E8D200D1059E /* MainScreenButtons.swift in Sources */ = {isa = PBXBuildFile; fileRef = 260D29012A02E8D200D1059E /* MainScreenButtons.swift */; };
		2627287629F6FADA0036D4EA /* petProjectApp.swift in Sources */ = {isa = PBXBuildFile; fileRef = 2627287529F6FADA0036D4EA /* petProjectApp.swift */; };
		2627287829F6FADA0036D4EA /* ContentView.swift in Sources */ = {isa = PBXBuildFile; fileRef = 2627287729F6FADA0036D4EA /* ContentView.swift */; };
		2627287A29F6FADB0036D4EA /* Assets.xcassets in Resources */ = {isa = PBXBuildFile; fileRef = 2627287929F6FADB0036D4EA /* Assets.xcassets */; };
		2627287D29F6FADB0036D4EA /* Preview Assets.xcassets in Resources */ = {isa = PBXBuildFile; fileRef = 2627287C29F6FADB0036D4EA /* Preview Assets.xcassets */; };
		2627288629F6FF1B0036D4EA /* DebtModel.xcdatamodeld in Sources */ = {isa = PBXBuildFile; fileRef = 2627288429F6FF1B0036D4EA /* DebtModel.xcdatamodeld */; };
		2627288829F6FFAA0036D4EA /* DataController.swift in Sources */ = {isa = PBXBuildFile; fileRef = 2627288729F6FFAA0036D4EA /* DataController.swift */; };
		26A918A429F7020200BCC40B /* AddNewPayment.swift in Sources */ = {isa = PBXBuildFile; fileRef = 26A918A329F7020200BCC40B /* AddNewPayment.swift */; };
/* End PBXBuildFile section */

/* Begin PBXFileReference section */
		260D29012A02E8D200D1059E /* MainScreenButtons.swift */ = {isa = PBXFileReference; lastKnownFileType = sourcecode.swift; path = MainScreenButtons.swift; sourceTree = "<group>"; };
		2627287229F6FADA0036D4EA /* petProject.app */ = {isa = PBXFileReference; explicitFileType = wrapper.application; includeInIndex = 0; path = petProject.app; sourceTree = BUILT_PRODUCTS_DIR; };
		2627287529F6FADA0036D4EA /* petProjectApp.swift */ = {isa = PBXFileReference; lastKnownFileType = sourcecode.swift; path = petProjectApp.swift; sourceTree = "<group>"; };
		2627287729F6FADA0036D4EA /* ContentView.swift */ = {isa = PBXFileReference; lastKnownFileType = sourcecode.swift; path = ContentView.swift; sourceTree = "<group>"; };
		2627287929F6FADB0036D4EA /* Assets.xcassets */ = {isa = PBXFileReference; lastKnownFileType = folder.assetcatalog; path = Assets.xcassets; sourceTree = "<group>"; };
		2627287C29F6FADB0036D4EA /* Preview Assets.xcassets */ = {isa = PBXFileReference; lastKnownFileType = folder.assetcatalog; path = "Preview Assets.xcassets"; sourceTree = "<group>"; };
		2627288529F6FF1B0036D4EA /* FoodModel.xcdatamodel */ = {isa = PBXFileReference; lastKnownFileType = wrapper.xcdatamodel; path = FoodModel.xcdatamodel; sourceTree = "<group>"; };
		2627288729F6FFAA0036D4EA /* DataController.swift */ = {isa = PBXFileReference; lastKnownFileType = sourcecode.swift; path = DataController.swift; sourceTree = "<group>"; };
		26A918A329F7020200BCC40B /* AddNewPayment.swift */ = {isa = PBXFileReference; lastKnownFileType = sourcecode.swift; path = AddNewPayment.swift; sourceTree = "<group>"; };
/* End PBXFileReference section */

/* Begin PBXFrameworksBuildPhase section */
		2627286F29F6FADA0036D4EA /* Frameworks */ = {
			isa = PBXFrameworksBuildPhase;
			buildActionMask = 2147483647;
			files = (
			);
			runOnlyForDeploymentPostprocessing = 0;
		};
/* End PBXFrameworksBuildPhase section */

/* Begin PBXGroup section */
		2627286929F6FADA0036D4EA = {
			isa = PBXGroup;
			children = (
				2627287429F6FADA0036D4EA /* petProject */,
				2627287329F6FADA0036D4EA /* Products */,
			);
			sourceTree = "<group>";
		};
		2627287329F6FADA0036D4EA /* Products */ = {
			isa = PBXGroup;
			children = (
				2627287229F6FADA0036D4EA /* petProject.app */,
			);
			name = Products;
			sourceTree = "<group>";
		};
		2627287429F6FADA0036D4EA /* petProject */ = {
			isa = PBXGroup;
			children = (
				2627288329F6FEDD0036D4EA /* DataModel */,
				2627287529F6FADA0036D4EA /* petProjectApp.swift */,
				2627288729F6FFAA0036D4EA /* DataController.swift */,
				26A918A329F7020200BCC40B /* AddNewPayment.swift */,
				2627287729F6FADA0036D4EA /* ContentView.swift */,
				260D29012A02E8D200D1059E /* MainScreenButtons.swift */,
				2627287929F6FADB0036D4EA /* Assets.xcassets */,
				2627287B29F6FADB0036D4EA /* Preview Content */,
			);
			path = petProject;
			sourceTree = "<group>";
		};
		2627287B29F6FADB0036D4EA /* Preview Content */ = {
			isa = PBXGroup;
			children = (
				2627287C29F6FADB0036D4EA /* Preview Assets.xcassets */,
			);
			path = "Preview Content";
			sourceTree = "<group>";
		};
		2627288329F6FEDD0036D4EA /* DataModel */ = {
			isa = PBXGroup;
			children = (
				2627288429F6FF1B0036D4EA /* DebtModel.xcdatamodeld */,
			);
			path = DataModel;
			sourceTree = "<group>";
		};
/* End PBXGroup section */

/* Begin PBXNativeTarget section */
		2627287129F6FADA0036D4EA /* petProject */ = {
			isa = PBXNativeTarget;
			buildConfigurationList = 2627288029F6FADB0036D4EA /* Build configuration list for PBXNativeTarget "petProject" */;
			buildPhases = (
				2627286E29F6FADA0036D4EA /* Sources */,
				2627286F29F6FADA0036D4EA /* Frameworks */,
				2627287029F6FADA0036D4EA /* Resources */,
			);
			buildRules = (
			);
			dependencies = (
			);
			name = petProject;
			productName = petProject;
			productReference = 2627287229F6FADA0036D4EA /* petProject.app */;
			productType = "com.apple.product-type.application";
		};
/* End PBXNativeTarget section */

/* Begin PBXProject section */
		2627286A29F6FADA0036D4EA /* Project object */ = {
			isa = PBXProject;
			attributes = {
				BuildIndependentTargetsInParallel = 1;
				LastSwiftUpdateCheck = 1430;
				LastUpgradeCheck = 1430;
				TargetAttributes = {
					2627287129F6FADA0036D4EA = {
						CreatedOnToolsVersion = 14.3;
					};
				};
			};
			buildConfigurationList = 2627286D29F6FADA0036D4EA /* Build configuration list for PBXProject "petProject" */;
			compatibilityVersion = "Xcode 14.0";
			developmentRegion = en;
			hasScannedForEncodings = 0;
			knownRegions = (
				en,
				Base,
			);
			mainGroup = 2627286929F6FADA0036D4EA;
			productRefGroup = 2627287329F6FADA0036D4EA /* Products */;
			projectDirPath = "";
			projectRoot = "";
			targets = (
				2627287129F6FADA0036D4EA /* petProject */,
			);
		};
/* End PBXProject section */

/* Begin PBXResourcesBuildPhase section */
		2627287029F6FADA0036D4EA /* Resources */ = {
			isa = PBXResourcesBuildPhase;
			buildActionMask = 2147483647;
			files = (
				2627287D29F6FADB0036D4EA /* Preview Assets.xcassets in Resources */,
				2627287A29F6FADB0036D4EA /* Assets.xcassets in Resources */,
			);
			runOnlyForDeploymentPostprocessing = 0;
		};
/* End PBXResourcesBuildPhase section */

/* Begin PBXSourcesBuildPhase section */
		2627286E29F6FADA0036D4EA /* Sources */ = {
			isa = PBXSourcesBuildPhase;
			buildActionMask = 2147483647;
			files = (
				260D29022A02E8D200D1059E /* MainScreenButtons.swift in Sources */,
				2627287829F6FADA0036D4EA /* ContentView.swift in Sources */,
				2627288829F6FFAA0036D4EA /* DataController.swift in Sources */,
				2627287629F6FADA0036D4EA /* petProjectApp.swift in Sources */,
				26A918A429F7020200BCC40B /* AddNewPayment.swift in Sources */,
				2627288629F6FF1B0036D4EA /* DebtModel.xcdatamodeld in Sources */,
			);
			runOnlyForDeploymentPostprocessing = 0;
		};
/* End PBXSourcesBuildPhase section */

/* Begin XCBuildConfiguration section */
		2627287E29F6FADB0036D4EA /* Debug */ = {
			isa = XCBuildConfiguration;
			buildSettings = {
				ALWAYS_SEARCH_USER_PATHS = NO;
				CLANG_ANALYZER_NONNULL = YES;
				CLANG_ANALYZER_NUMBER_OBJECT_CONVERSION = YES_AGGRESSIVE;
				CLANG_CXX_LANGUAGE_STANDARD = "gnu++20";
				CLANG_ENABLE_MODULES = YES;
				CLANG_ENABLE_OBJC_ARC = YES;
				CLANG_ENABLE_OBJC_WEAK = YES;
				CLANG_WARN_BLOCK_CAPTURE_AUTORELEASING = YES;
				CLANG_WARN_BOOL_CONVERSION = YES;
				CLANG_WARN_COMMA = YES;
				CLANG_WARN_CONSTANT_CONVERSION = YES;
				CLANG_WARN_DEPRECATED_OBJC_IMPLEMENTATIONS = YES;
				CLANG_WARN_DIRECT_OBJC_ISA_USAGE = YES_ERROR;
				CLANG_WARN_DOCUMENTATION_COMMENTS = YES;
				CLANG_WARN_EMPTY_BODY = YES;
				CLANG_WARN_ENUM_CONVERSION = YES;
				CLANG_WARN_INFINITE_RECURSION = YES;
				CLANG_WARN_INT_CONVERSION = YES;
				CLANG_WARN_NON_LITERAL_NULL_CONVERSION = YES;
				CLANG_WARN_OBJC_IMPLICIT_RETAIN_SELF = YES;
				CLANG_WARN_OBJC_LITERAL_CONVERSION = YES;
				CLANG_WARN_OBJC_ROOT_CLASS = YES_ERROR;
				CLANG_WARN_QUOTED_INCLUDE_IN_FRAMEWORK_HEADER = YES;
				CLANG_WARN_RANGE_LOOP_ANALYSIS = YES;
				CLANG_WARN_STRICT_PROTOTYPES = YES;
				CLANG_WARN_SUSPICIOUS_MOVE = YES;
				CLANG_WARN_UNGUARDED_AVAILABILITY = YES_AGGRESSIVE;
				CLANG_WARN_UNREACHABLE_CODE = YES;
				CLANG_WARN__DUPLICATE_METHOD_MATCH = YES;
				COPY_PHASE_STRIP = NO;
				DEBUG_INFORMATION_FORMAT = dwarf;
				ENABLE_STRICT_OBJC_MSGSEND = YES;
				ENABLE_TESTABILITY = YES;
				GCC_C_LANGUAGE_STANDARD = gnu11;
				GCC_DYNAMIC_NO_PIC = NO;
				GCC_NO_COMMON_BLOCKS = YES;
				GCC_OPTIMIZATION_LEVEL = 0;
				GCC_PREPROCESSOR_DEFINITIONS = (
					"DEBUG=1",
					"$(inherited)",
				);
				GCC_WARN_64_TO_32_BIT_CONVERSION = YES;
				GCC_WARN_ABOUT_RETURN_TYPE = YES_ERROR;
				GCC_WARN_UNDECLARED_SELECTOR = YES;
				GCC_WARN_UNINITIALIZED_AUTOS = YES_AGGRESSIVE;
				GCC_WARN_UNUSED_FUNCTION = YES;
				GCC_WARN_UNUSED_VARIABLE = YES;
				IPHONEOS_DEPLOYMENT_TARGET = 16.4;
				MTL_ENABLE_DEBUG_INFO = INCLUDE_SOURCE;
				MTL_FAST_MATH = YES;
				ONLY_ACTIVE_ARCH = YES;
				SDKROOT = iphoneos;
				SWIFT_ACTIVE_COMPILATION_CONDITIONS = DEBUG;
				SWIFT_OPTIMIZATION_LEVEL = "-Onone";
			};
			name = Debug;
		};
		2627287F29F6FADB0036D4EA /* Release */ = {
			isa = XCBuildConfiguration;
			buildSettings = {
				ALWAYS_SEARCH_USER_PATHS = NO;
				CLANG_ANALYZER_NONNULL = YES;
				CLANG_ANALYZER_NUMBER_OBJECT_CONVERSION = YES_AGGRESSIVE;
				CLANG_CXX_LANGUAGE_STANDARD = "gnu++20";
				CLANG_ENABLE_MODULES = YES;
				CLANG_ENABLE_OBJC_ARC = YES;
				CLANG_ENABLE_OBJC_WEAK = YES;
				CLANG_WARN_BLOCK_CAPTURE_AUTORELEASING = YES;
				CLANG_WARN_BOOL_CONVERSION = YES;
				CLANG_WARN_COMMA = YES;
				CLANG_WARN_CONSTANT_CONVERSION = YES;
				CLANG_WARN_DEPRECATED_OBJC_IMPLEMENTATIONS = YES;
				CLANG_WARN_DIRECT_OBJC_ISA_USAGE = YES_ERROR;
				CLANG_WARN_DOCUMENTATION_COMMENTS = YES;
				CLANG_WARN_EMPTY_BODY = YES;
				CLANG_WARN_ENUM_CONVERSION = YES;
				CLANG_WARN_INFINITE_RECURSION = YES;
				CLANG_WARN_INT_CONVERSION = YES;
				CLANG_WARN_NON_LITERAL_NULL_CONVERSION = YES;
				CLANG_WARN_OBJC_IMPLICIT_RETAIN_SELF = YES;
				CLANG_WARN_OBJC_LITERAL_CONVERSION = YES;
				CLANG_WARN_OBJC_ROOT_CLASS = YES_ERROR;
				CLANG_WARN_QUOTED_INCLUDE_IN_FRAMEWORK_HEADER = YES;
				CLANG_WARN_RANGE_LOOP_ANALYSIS = YES;
				CLANG_WARN_STRICT_PROTOTYPES = YES;
				CLANG_WARN_SUSPICIOUS_MOVE = YES;
				CLANG_WARN_UNGUARDED_AVAILABILITY = YES_AGGRESSIVE;
				CLANG_WARN_UNREACHABLE_CODE = YES;
				CLANG_WARN__DUPLICATE_METHOD_MATCH = YES;
				COPY_PHASE_STRIP = NO;
				DEBUG_INFORMATION_FORMAT = "dwarf-with-dsym";
				ENABLE_NS_ASSERTIONS = NO;
				ENABLE_STRICT_OBJC_MSGSEND = YES;
				GCC_C_LANGUAGE_STANDARD = gnu11;
				GCC_NO_COMMON_BLOCKS = YES;
				GCC_WARN_64_TO_32_BIT_CONVERSION = YES;
				GCC_WARN_ABOUT_RETURN_TYPE = YES_ERROR;
				GCC_WARN_UNDECLARED_SELECTOR = YES;
				GCC_WARN_UNINITIALIZED_AUTOS = YES_AGGRESSIVE;
				GCC_WARN_UNUSED_FUNCTION = YES;
				GCC_WARN_UNUSED_VARIABLE = YES;
				IPHONEOS_DEPLOYMENT_TARGET = 16.4;
				MTL_ENABLE_DEBUG_INFO = NO;
				MTL_FAST_MATH = YES;
				SDKROOT = iphoneos;
				SWIFT_COMPILATION_MODE = wholemodule;
				SWIFT_OPTIMIZATION_LEVEL = "-O";
				VALIDATE_PRODUCT = YES;
			};
			name = Release;
		};
		2627288129F6FADB0036D4EA /* Debug */ = {
			isa = XCBuildConfiguration;
			buildSettings = {
				ASSETCATALOG_COMPILER_APPICON_NAME = AppIcon;
				ASSETCATALOG_COMPILER_GLOBAL_ACCENT_COLOR_NAME = AccentColor;
				CODE_SIGN_STYLE = Automatic;
				CURRENT_PROJECT_VERSION = 1;
				DEVELOPMENT_ASSET_PATHS = "\"petProject/Preview Content\"";
				DEVELOPMENT_TEAM = 95HF2UPV45;
				ENABLE_PREVIEWS = YES;
				GENERATE_INFOPLIST_FILE = YES;
				INFOPLIST_KEY_UIApplicationSceneManifest_Generation = YES;
				INFOPLIST_KEY_UIApplicationSupportsIndirectInputEvents = YES;
				INFOPLIST_KEY_UILaunchScreen_Generation = YES;
				INFOPLIST_KEY_UISupportedInterfaceOrientations_iPad = "UIInterfaceOrientationPortrait UIInterfaceOrientationPortraitUpsideDown UIInterfaceOrientationLandscapeLeft UIInterfaceOrientationLandscapeRight";
				INFOPLIST_KEY_UISupportedInterfaceOrientations_iPhone = "UIInterfaceOrientationPortrait UIInterfaceOrientationLandscapeLeft UIInterfaceOrientationLandscapeRight";
				LD_RUNPATH_SEARCH_PATHS = (
					"$(inherited)",
					"@executable_path/Frameworks",
				);
				MARKETING_VERSION = 1.0;
				PRODUCT_BUNDLE_IDENTIFIER = MikeCo.petProject;
				PRODUCT_NAME = "$(TARGET_NAME)";
				SWIFT_EMIT_LOC_STRINGS = YES;
				SWIFT_VERSION = 5.0;
				TARGETED_DEVICE_FAMILY = "1,2";
			};
			name = Debug;
		};
		2627288229F6FADB0036D4EA /* Release */ = {
			isa = XCBuildConfiguration;
			buildSettings = {
				ASSETCATALOG_COMPILER_APPICON_NAME = AppIcon;
				ASSETCATALOG_COMPILER_GLOBAL_ACCENT_COLOR_NAME = AccentColor;
				CODE_SIGN_STYLE = Automatic;
				CURRENT_PROJECT_VERSION = 1;
				DEVELOPMENT_ASSET_PATHS = "\"petProject/Preview Content\"";
				DEVELOPMENT_TEAM = 95HF2UPV45;
				ENABLE_PREVIEWS = YES;
				GENERATE_INFOPLIST_FILE = YES;
				INFOPLIST_KEY_UIApplicationSceneManifest_Generation = YES;
				INFOPLIST_KEY_UIApplicationSupportsIndirectInputEvents = YES;
				INFOPLIST_KEY_UILaunchScreen_Generation = YES;
				INFOPLIST_KEY_UISupportedInterfaceOrientations_iPad = "UIInterfaceOrientationPortrait UIInterfaceOrientationPortraitUpsideDown UIInterfaceOrientationLandscapeLeft UIInterfaceOrientationLandscapeRight";
				INFOPLIST_KEY_UISupportedInterfaceOrientations_iPhone = "UIInterfaceOrientationPortrait UIInterfaceOrientationLandscapeLeft UIInterfaceOrientationLandscapeRight";
				LD_RUNPATH_SEARCH_PATHS = (
					"$(inherited)",
					"@executable_path/Frameworks",
				);
				MARKETING_VERSION = 1.0;
				PRODUCT_BUNDLE_IDENTIFIER = MikeCo.petProject;
				PRODUCT_NAME = "$(TARGET_NAME)";
				SWIFT_EMIT_LOC_STRINGS = YES;
				SWIFT_VERSION = 5.0;
				TARGETED_DEVICE_FAMILY = "1,2";
			};
			name = Release;
		};
/* End XCBuildConfiguration section */

/* Begin XCConfigurationList section */
		2627286D29F6FADA0036D4EA /* Build configuration list for PBXProject "petProject" */ = {
			isa = XCConfigurationList;
			buildConfigurations = (
				2627287E29F6FADB0036D4EA /* Debug */,
				2627287F29F6FADB0036D4EA /* Release */,
			);
			defaultConfigurationIsVisible = 0;
			defaultConfigurationName = Release;
		};
		2627288029F6FADB0036D4EA /* Build configuration list for PBXNativeTarget "petProject" */ = {
			isa = XCConfigurationList;
			buildConfigurations = (
				2627288129F6FADB0036D4EA /* Debug */,
				2627288229F6FADB0036D4EA /* Release */,
			);
			defaultConfigurationIsVisible = 0;
			defaultConfigurationName = Release;
		};
/* End XCConfigurationList section */

/* Begin XCVersionGroup section */
		2627288429F6FF1B0036D4EA /* DebtModel.xcdatamodeld */ = {
			isa = XCVersionGroup;
			children = (
				2627288529F6FF1B0036D4EA /* FoodModel.xcdatamodel */,
			);
			currentVersion = 2627288529F6FF1B0036D4EA /* FoodModel.xcdatamodel */;
			path = DebtModel.xcdatamodeld;
			sourceTree = "<group>";
			versionGroupType = wrapper.xcdatamodel;
		};
/* End XCVersionGroup section */
	};
	rootObject = 2627286A29F6FADA0036D4EA /* Project object */;
}
